
Microsoft Visual Studio Solution File, Format Version 12.00
# Visual Studio Version 16
VisualStudioVersion = 16.0.31205.134
MinimumVisualStudioVersion = 10.0.40219.1
Project("{FAE04EC0-301F-11D3-BF4B-00C04F79EFBC}") = "BlazorBattles.Server", "BlazorBattles\Server\BlazorBattles.Server.csproj", "{C13BD9C8-7025-42C9-ACAB-F6B048FFF062}"
EndProject
Project("{FAE04EC0-301F-11D3-BF4B-00C04F79EFBC}") = "BlazorBattles.Client", "BlazorBattles\Client\BlazorBattles.Client.csproj", "{3DE8AD1E-1356-4060-BF2A-BEFCFBA9906A}"
EndProject
Project("{FAE04EC0-301F-11D3-BF4B-00C04F79EFBC}") = "BlazorBattles.Shared", "BlazorBattles\Shared\BlazorBattles.Shared.csproj", "{D1F6F8FF-BDAD-44D6-A7CE-DA8B1AA573B5}"
EndProject
Global
	GlobalSection(SolutionConfigurationPlatforms) = preSolution
		Debug|Any CPU = Debug|Any CPU
		Release|Any CPU = Release|Any CPU
	EndGlobalSection
	GlobalSection(ProjectConfigurationPlatforms) = postSolution
		{C13BD9C8-7025-42C9-ACAB-F6B048FFF062}.Debug|Any CPU.ActiveCfg = Debug|Any CPU
		{C13BD9C8-7025-42C9-ACAB-F6B048FFF062}.Debug|Any CPU.Build.0 = Debug|Any CPU
		{C13BD9C8-7025-42C9-ACAB-F6B048FFF062}.Release|Any CPU.ActiveCfg = Release|Any CPU
		{C13BD9C8-7025-42C9-ACAB-F6B048FFF062}.Release|Any CPU.Build.0 = Release|Any CPU
		{3DE8AD1E-1356-4060-BF2A-BEFCFBA9906A}.Debug|Any CPU.ActiveCfg = Debug|Any CPU
		{3DE8AD1E-1356-4060-BF2A-BEFCFBA9906A}.Debug|Any CPU.Build.0 = Debug|Any CPU
		{3DE8AD1E-1356-4060-BF2A-BEFCFBA9906A}.Release|Any CPU.ActiveCfg = Release|Any CPU
		{3DE8AD1E-1356-4060-BF2A-BEFCFBA9906A}.Release|Any CPU.Build.0 = Release|Any CPU
		{D1F6F8FF-BDAD-44D6-A7CE-DA8B1AA573B5}.Debug|Any CPU.ActiveCfg = Debug|Any CPU
		{D1F6F8FF-BDAD-44D6-A7CE-DA8B1AA573B5}.Debug|Any CPU.Build.0 = Debug|Any CPU
		{D1F6F8FF-BDAD-44D6-A7CE-DA8B1AA573B5}.Release|Any CPU.ActiveCfg = Release|Any CPU
		{D1F6F8FF-BDAD-44D6-A7CE-DA8B1AA573B5}.Release|Any CPU.Build.0 = Release|Any CPU
	EndGlobalSection
	GlobalSection(SolutionProperties) = preSolution
		HideSolutionNode = FALSE
	EndGlobalSection
	GlobalSection(ExtensibilityGlobals) = postSolution
		SolutionGuid = {C87E07AE-EB17-444B-83FA-63CC5241B22F}
	EndGlobalSection
EndGlobal
